
Microsoft Visual Studio Solution File, Format Version 12.00
# Visual Studio 2013
VisualStudioVersion = 12.0.40629.0
MinimumVisualStudioVersion = 10.0.40219.1
Project("{2150E333-8FDC-42A3-9474-1A3956D46DE8}") = "HopinsApp", "HopinsApp", "{F23674E4-7DCA-438B-8F36-9D2FBF74D9C0}"
EndProject
Project("{D954291E-2A0B-460D-934E-DC6B0785DB48}") = "HopinsApp.Shared", "HopinsApp\HopinsApp.Shared\HopinsApp.Shared.shproj", "{2C675DA5-35FD-4730-A48B-2CE2652D5FFE}"
EndProject
Project("{FAE04EC0-301F-11D3-BF4B-00C04F79EFBC}") = "HopinsApp.Windows", "HopinsApp\HopinsApp.Windows\HopinsApp.Windows.csproj", "{A758731D-E1A6-484F-9596-F705218E3BEA}"
EndProject
Project("{FAE04EC0-301F-11D3-BF4B-00C04F79EFBC}") = "HopinsApp.WindowsPhone", "HopinsApp\HopinsApp.WindowsPhone\HopinsApp.WindowsPhone.csproj", "{97A63538-224A-4132-8F41-5FB5C0656542}"
EndProject
Global
	GlobalSection(SharedMSBuildProjectFiles) = preSolution
		HopinsApp\HopinsApp.Shared\HopinsApp.Shared.projitems*{a758731d-e1a6-484f-9596-f705218e3bea}*SharedItemsImports = 4
		HopinsApp\HopinsApp.Shared\HopinsApp.Shared.projitems*{97a63538-224a-4132-8f41-5fb5c0656542}*SharedItemsImports = 4
		HopinsApp\HopinsApp.Shared\HopinsApp.Shared.projitems*{2c675da5-35fd-4730-a48b-2ce2652d5ffe}*SharedItemsImports = 13
	EndGlobalSection
	GlobalSection(SolutionConfigurationPlatforms) = preSolution
		Debug|Any CPU = Debug|Any CPU
		Debug|ARM = Debug|ARM
		Debug|x64 = Debug|x64
		Debug|x86 = Debug|x86
		Release|Any CPU = Release|Any CPU
		Release|ARM = Release|ARM
		Release|x64 = Release|x64
		Release|x86 = Release|x86
	EndGlobalSection
	GlobalSection(ProjectConfigurationPlatforms) = postSolution
		{A758731D-E1A6-484F-9596-F705218E3BEA}.Debug|Any CPU.ActiveCfg = Debug|Any CPU
		{A758731D-E1A6-484F-9596-F705218E3BEA}.Debug|Any CPU.Build.0 = Debug|Any CPU
		{A758731D-E1A6-484F-9596-F705218E3BEA}.Debug|Any CPU.Deploy.0 = Debug|Any CPU
		{A758731D-E1A6-484F-9596-F705218E3BEA}.Debug|ARM.ActiveCfg = Debug|ARM
		{A758731D-E1A6-484F-9596-F705218E3BEA}.Debug|ARM.Build.0 = Debug|ARM
		{A758731D-E1A6-484F-9596-F705218E3BEA}.Debug|ARM.Deploy.0 = Debug|ARM
		{A758731D-E1A6-484F-9596-F705218E3BEA}.Debug|x64.ActiveCfg = Debug|x64
		{A758731D-E1A6-484F-9596-F705218E3BEA}.Debug|x64.Build.0 = Debug|x64
		{A758731D-E1A6-484F-9596-F705218E3BEA}.Debug|x64.Deploy.0 = Debug|x64
		{A758731D-E1A6-484F-9596-F705218E3BEA}.Debug|x86.ActiveCfg = Debug|x86
		{A758731D-E1A6-484F-9596-F705218E3BEA}.Debug|x86.Build.0 = Debug|x86
		{A758731D-E1A6-484F-9596-F705218E3BEA}.Debug|x86.Deploy.0 = Debug|x86
		{A758731D-E1A6-484F-9596-F705218E3BEA}.Release|Any CPU.ActiveCfg = Release|Any CPU
		{A758731D-E1A6-484F-9596-F705218E3BEA}.Release|Any CPU.Build.0 = Release|Any CPU
		{A758731D-E1A6-484F-9596-F705218E3BEA}.Release|Any CPU.Deploy.0 = Release|Any CPU
		{A758731D-E1A6-484F-9596-F705218E3BEA}.Release|ARM.ActiveCfg = Release|ARM
		{A758731D-E1A6-484F-9596-F705218E3BEA}.Release|ARM.Build.0 = Release|ARM
		{A758731D-E1A6-484F-9596-F705218E3BEA}.Release|ARM.Deploy.0 = Release|ARM
		{A758731D-E1A6-484F-9596-F705218E3BEA}.Release|x64.ActiveCfg = Release|x64
		{A758731D-E1A6-484F-9596-F705218E3BEA}.Release|x64.Build.0 = Release|x64
		{A758731D-E1A6-484F-9596-F705218E3BEA}.Release|x64.Deploy.0 = Release|x64
		{A758731D-E1A6-484F-9596-F705218E3BEA}.Release|x86.ActiveCfg = Release|x86
		{A758731D-E1A6-484F-9596-F705218E3BEA}.Release|x86.Build.0 = Release|x86
		{A758731D-E1A6-484F-9596-F705218E3BEA}.Release|x86.Deploy.0 = Release|x86
		{97A63538-224A-4132-8F41-5FB5C0656542}.Debug|Any CPU.ActiveCfg = Debug|Any CPU
		{97A63538-224A-4132-8F41-5FB5C0656542}.Debug|Any CPU.Build.0 = Debug|Any CPU
		{97A63538-224A-4132-8F41-5FB5C0656542}.Debug|Any CPU.Deploy.0 = Debug|Any CPU
		{97A63538-224A-4132-8F41-5FB5C0656542}.Debug|ARM.ActiveCfg = Debug|ARM
		{97A63538-224A-4132-8F41-5FB5C0656542}.Debug|ARM.Build.0 = Debug|ARM
		{97A63538-224A-4132-8F41-5FB5C0656542}.Debug|ARM.Deploy.0 = Debug|ARM
		{97A63538-224A-4132-8F41-5FB5C0656542}.Debug|x64.ActiveCfg = Debug|Any CPU
		{97A63538-224A-4132-8F41-5FB5C0656542}.Debug|x86.ActiveCfg = Debug|x86
		{97A63538-224A-4132-8F41-5FB5C0656542}.Debug|x86.Build.0 = Debug|x86
		{97A63538-224A-4132-8F41-5FB5C0656542}.Debug|x86.Deploy.0 = Debug|x86
		{97A63538-224A-4132-8F41-5FB5C0656542}.Release|Any CPU.ActiveCfg = Release|Any CPU
		{97A63538-224A-4132-8F41-5FB5C0656542}.Release|Any CPU.Build.0 = Release|Any CPU
		{97A63538-224A-4132-8F41-5FB5C0656542}.Release|Any CPU.Deploy.0 = Release|Any CPU
		{97A63538-224A-4132-8F41-5FB5C0656542}.Release|ARM.ActiveCfg = Release|ARM
		{97A63538-224A-4132-8F41-5FB5C0656542}.Release|ARM.Build.0 = Release|ARM
		{97A63538-224A-4132-8F41-5FB5C0656542}.Release|ARM.Deploy.0 = Release|ARM
		{97A63538-224A-4132-8F41-5FB5C0656542}.Release|x64.ActiveCfg = Release|Any CPU
		{97A63538-224A-4132-8F41-5FB5C0656542}.Release|x86.ActiveCfg = Release|x86
		{97A63538-224A-4132-8F41-5FB5C0656542}.Release|x86.Build.0 = Release|x86
		{97A63538-224A-4132-8F41-5FB5C0656542}.Release|x86.Deploy.0 = Release|x86
	EndGlobalSection
	GlobalSection(SolutionProperties) = preSolution
		HideSolutionNode = FALSE
	EndGlobalSection
	GlobalSection(NestedProjects) = preSolution
		{2C675DA5-35FD-4730-A48B-2CE2652D5FFE} = {F23674E4-7DCA-438B-8F36-9D2FBF74D9C0}
		{A758731D-E1A6-484F-9596-F705218E3BEA} = {F23674E4-7DCA-438B-8F36-9D2FBF74D9C0}
		{97A63538-224A-4132-8F41-5FB5C0656542} = {F23674E4-7DCA-438B-8F36-9D2FBF74D9C0}
	EndGlobalSection
EndGlobal
